
Microsoft Visual Studio Solution File, Format Version 12.00
# Visual Studio Version 17
VisualStudioVersion = 17.6.33801.468
MinimumVisualStudioVersion = 10.0.40219.1
Project("{FAE04EC0-301F-11D3-BF4B-00C04F79EFBC}") = "Find_Peaks_In_Array", "Find_Peaks_In_Array\Find_Peaks_In_Array.csproj", "{03BA7404-C24D-40A1-B061-FCEB0B65F007}"
EndProject
Global
	GlobalSection(SolutionConfigurationPlatforms) = preSolution
		Debug|Any CPU = Debug|Any CPU
		Release|Any CPU = Release|Any CPU
	EndGlobalSection
	GlobalSection(ProjectConfigurationPlatforms) = postSolution
		{03BA7404-C24D-40A1-B061-FCEB0B65F007}.Debug|Any CPU.ActiveCfg = Debug|Any CPU
		{03BA7404-C24D-40A1-B061-FCEB0B65F007}.Debug|Any CPU.Build.0 = Debug|Any CPU
		{03BA7404-C24D-40A1-B061-FCEB0B65F007}.Release|Any CPU.ActiveCfg = Release|Any CPU
		{03BA7404-C24D-40A1-B061-FCEB0B65F007}.Release|Any CPU.Build.0 = Release|Any CPU
	EndGlobalSection
	GlobalSection(SolutionProperties) = preSolution
		HideSolutionNode = FALSE
	EndGlobalSection
	GlobalSection(ExtensibilityGlobals) = postSolution
		SolutionGuid = {FFA398D4-FC50-4B92-961D-ED826EB51850}
	EndGlobalSection
EndGlobal
